
Microsoft Visual Studio Solution File, Format Version 12.00
# Visual Studio 2012
Project("{FAE04EC0-301F-11D3-BF4B-00C04F79EFBC}") = "AssemblyVerioning", "AssemblyVerioning\AssemblyVerioning.csproj", "{793937E2-097A-403D-A29A-D078F6AAB494}"
EndProject
Project("{2150E333-8FDC-42A3-9474-1A3956D46DE8}") = ".build", ".build", "{65AD41B3-928B-4E5B-9C31-292FBEBC9A25}"
	ProjectSection(SolutionItems) = preProject
		Build.proj = Build.proj
		.build\MSBuild.Community.Tasks.dll = .build\MSBuild.Community.Tasks.dll
		.build\MSBuild.Community.Tasks.targets = .build\MSBuild.Community.Tasks.targets
	EndProjectSection
EndProject
Project("{2150E333-8FDC-42A3-9474-1A3956D46DE8}") = ".nuget", ".nuget", "{70F081C7-3956-4EB4-B08D-DF9FEAE63498}"
	ProjectSection(SolutionItems) = preProject
		.nuget\NuGet.Config = .nuget\NuGet.Config
		.nuget\NuGet.exe = .nuget\NuGet.exe
		.nuget\NuGet.pdb = .nuget\NuGet.pdb
		.nuget\NuGet.targets = .nuget\NuGet.targets
	EndProjectSection
EndProject
Global
	GlobalSection(SolutionConfigurationPlatforms) = preSolution
		Debug|Any CPU = Debug|Any CPU
		Release|Any CPU = Release|Any CPU
	EndGlobalSection
	GlobalSection(ProjectConfigurationPlatforms) = postSolution
		{793937E2-097A-403D-A29A-D078F6AAB494}.Debug|Any CPU.ActiveCfg = Debug|Any CPU
		{793937E2-097A-403D-A29A-D078F6AAB494}.Debug|Any CPU.Build.0 = Debug|Any CPU
		{793937E2-097A-403D-A29A-D078F6AAB494}.Release|Any CPU.ActiveCfg = Release|Any CPU
		{793937E2-097A-403D-A29A-D078F6AAB494}.Release|Any CPU.Build.0 = Release|Any CPU
	EndGlobalSection
	GlobalSection(SolutionProperties) = preSolution
		HideSolutionNode = FALSE
	EndGlobalSection
EndGlobal
